// !$*UTF8*$!
{
	archiveVersion = 1;
	classes = {
	};
	objectVersion = 46;
	objects = {

/* Begin PBXBuildFile section */
		794C9B2C1771434100D7B344 /* Cocoa.framework in Frameworks */ = {isa = PBXBuildFile; fileRef = 794C9B2B1771434100D7B344 /* Cocoa.framework */; };
		794C9B361771434100D7B344 /* InfoPlist.strings in Resources */ = {isa = PBXBuildFile; fileRef = 794C9B341771434100D7B344 /* InfoPlist.strings */; };
		794C9B3F1771449800D7B344 /* JRSwizzle.m in Sources */ = {isa = PBXBuildFile; fileRef = 794C9B3E1771449800D7B344 /* JRSwizzle.m */; };
/* End PBXBuildFile section */

/* Begin PBXFileReference section */
		794C9B281771434100D7B344 /* JRSwizzleTest.bundle */ = {isa = PBXFileReference; explicitFileType = wrapper.cfbundle; includeInIndex = 0; path = JRSwizzleTest.bundle; sourceTree = BUILT_PRODUCTS_DIR; };
		794C9B2B1771434100D7B344 /* Cocoa.framework */ = {isa = PBXFileReference; lastKnownFileType = wrapper.framework; name = Cocoa.framework; path = System/Library/Frameworks/Cocoa.framework; sourceTree = SDKROOT; };
		794C9B2E1771434100D7B344 /* AppKit.framework */ = {isa = PBXFileReference; lastKnownFileType = wrapper.framework; name = AppKit.framework; path = System/Library/Frameworks/AppKit.framework; sourceTree = SDKROOT; };
		794C9B2F1771434100D7B344 /* CoreData.framework */ = {isa = PBXFileReference; lastKnownFileType = wrapper.framework; name = CoreData.framework; path = System/Library/Frameworks/CoreData.framework; sourceTree = SDKROOT; };
		794C9B301771434100D7B344 /* Foundation.framework */ = {isa = PBXFileReference; lastKnownFileType = wrapper.framework; name = Foundation.framework; path = System/Library/Frameworks/Foundation.framework; sourceTree = SDKROOT; };
		794C9B331771434100D7B344 /* JRSwizzleTest-Info.plist */ = {isa = PBXFileReference; lastKnownFileType = text.plist.xml; path = "JRSwizzleTest-Info.plist"; sourceTree = "<group>"; };
		794C9B351771434100D7B344 /* en */ = {isa = PBXFileReference; lastKnownFileType = text.plist.strings; name = en; path = en.lproj/InfoPlist.strings; sourceTree = "<group>"; };
		794C9B371771434100D7B344 /* JRSwizzleTest-Prefix.pch */ = {isa = PBXFileReference; lastKnownFileType = sourcecode.c.h; path = "JRSwizzleTest-Prefix.pch"; sourceTree = "<group>"; };
		794C9B3D1771449800D7B344 /* JRSwizzle.h */ = {isa = PBXFileReference; fileEncoding = 4; lastKnownFileType = sourcecode.c.h; name = JRSwizzle.h; path = ../../JRSwizzle.h; sourceTree = "<group>"; };
		794C9B3E1771449800D7B344 /* JRSwizzle.m */ = {isa = PBXFileReference; fileEncoding = 4; lastKnownFileType = sourcecode.c.objc; name = JRSwizzle.m; path = ../../JRSwizzle.m; sourceTree = "<group>"; };
/* End PBXFileReference section */

/* Begin PBXFrameworksBuildPhase section */
		794C9B251771434100D7B344 /* Frameworks */ = {
			isa = PBXFrameworksBuildPhase;
			buildActionMask = 2147483647;
			files = (
				794C9B2C1771434100D7B344 /* Cocoa.framework in Frameworks */,
			);
			runOnlyForDeploymentPostprocessing = 0;
		};
/* End PBXFrameworksBuildPhase section */

/* Begin PBXGroup section */
		794C9B1F1771434100D7B344 = {
			isa = PBXGroup;
			children = (
				794C9B311771434100D7B344 /* JRSwizzleTest */,
				794C9B2A1771434100D7B344 /* Frameworks */,
				794C9B291771434100D7B344 /* Products */,
			);
			sourceTree = "<group>";
		};
		794C9B291771434100D7B344 /* Products */ = {
			isa = PBXGroup;
			children = (
				794C9B281771434100D7B344 /* JRSwizzleTest.bundle */,
			);
			name = Products;
			sourceTree = "<group>";
		};
		794C9B2A1771434100D7B344 /* Frameworks */ = {
			isa = PBXGroup;
			children = (
				794C9B2B1771434100D7B344 /* Cocoa.framework */,
				794C9B2D1771434100D7B344 /* Other Frameworks */,
			);
			name = Frameworks;
			sourceTree = "<group>";
		};
		794C9B2D1771434100D7B344 /* Other Frameworks */ = {
			isa = PBXGroup;
			children = (
				794C9B2E1771434100D7B344 /* AppKit.framework */,
				794C9B2F1771434100D7B344 /* CoreData.framework */,
				794C9B301771434100D7B344 /* Foundation.framework */,
			);
			name = "Other Frameworks";
			sourceTree = "<group>";
		};
		794C9B311771434100D7B344 /* JRSwizzleTest */ = {
			isa = PBXGroup;
			children = (
				794C9B3D1771449800D7B344 /* JRSwizzle.h */,
				794C9B3E1771449800D7B344 /* JRSwizzle.m */,
				794C9B321771434100D7B344 /* Supporting Files */,
			);
			path = JRSwizzleTest;
			sourceTree = "<group>";
		};
		794C9B321771434100D7B344 /* Supporting Files */ = {
			isa = PBXGroup;
			children = (
				794C9B331771434100D7B344 /* JRSwizzleTest-Info.plist */,
				794C9B341771434100D7B344 /* InfoPlist.strings */,
				794C9B371771434100D7B344 /* JRSwizzleTest-Prefix.pch */,
			);
			name = "Supporting Files";
			sourceTree = "<group>";
		};
/* End PBXGroup section */

/* Begin PBXNativeTarget section */
		794C9B271771434100D7B344 /* JRSwizzleTest */ = {
			isa = PBXNativeTarget;
			buildConfigurationList = 794C9B3A1771434100D7B344 /* Build configuration list for PBXNativeTarget "JRSwizzleTest" */;
			buildPhases = (
				794C9B241771434100D7B344 /* Sources */,
				794C9B251771434100D7B344 /* Frameworks */,
				794C9B261771434100D7B344 /* Resources */,
			);
			buildRules = (
			);
			dependencies = (
			);
			name = JRSwizzleTest;
			productName = JRSwizzleTest;
			productReference = 794C9B281771434100D7B344 /* JRSwizzleTest.bundle */;
			productType = "com.apple.product-type.bundle";
		};
/* End PBXNativeTarget section */

/* Begin PBXProject section */
		794C9B201771434100D7B344 /* Project object */ = {
			isa = PBXProject;
			attributes = {
				LastUpgradeCheck = 0460;
				ORGANIZATIONNAME = "Jonathan 'Wolf' Rentzsch";
			};
			buildConfigurationList = 794C9B231771434100D7B344 /* Build configuration list for PBXProject "JRSwizzleTest" */;
			compatibilityVersion = "Xcode 3.2";
			developmentRegion = English;
			hasScannedForEncodings = 0;
			knownRegions = (
				en,
			);
			mainGroup = 794C9B1F1771434100D7B344;
			productRefGroup = 794C9B291771434100D7B344 /* Products */;
			projectDirPath = "";
			projectRoot = "";
			targets = (
				794C9B271771434100D7B344 /* JRSwizzleTest */,
			);
		};
/* End PBXProject section */

/* Begin PBXResourcesBuildPhase section */
		794C9B261771434100D7B344 /* Resources */ = {
			isa = PBXResourcesBuildPhase;
			buildActionMask = 2147483647;
			files = (
				794C9B361771434100D7B344 /* InfoPlist.strings in Resources */,
			);
			runOnlyForDeploymentPostprocessing = 0;
		};
/* End PBXResourcesBuildPhase section */

/* Begin PBXSourcesBuildPhase section */
		794C9B241771434100D7B344 /* Sources */ = {
			isa = PBXSourcesBuildPhase;
			buildActionMask = 2147483647;
			files = (
				794C9B3F1771449800D7B344 /* JRSwizzle.m in Sources */,
			);
			runOnlyForDeploymentPostprocessing = 0;
		};
/* End PBXSourcesBuildPhase section */

/* Begin PBXVariantGroup section */
		794C9B341771434100D7B344 /* InfoPlist.strings */ = {
			isa = PBXVariantGroup;
			children = (
				794C9B351771434100D7B344 /* en */,
			);
			name = InfoPlist.strings;
			sourceTree = "<group>";
		};
/* End PBXVariantGroup section */

/* Begin XCBuildConfiguration section */
		794C9B381771434100D7B344 /* Debug */ = {
			isa = XCBuildConfiguration;
			buildSettings = {
				ALWAYS_SEARCH_USER_PATHS = NO;
				ARCHS = "$(ARCHS_STANDARD_64_BIT)";
				CLANG_CXX_LANGUAGE_STANDARD = "gnu++0x";
				CLANG_CXX_LIBRARY = "libc++";
				CLANG_WARN_CONSTANT_CONVERSION = YES;
				CLANG_WARN_EMPTY_BODY = YES;
				CLANG_WARN_ENUM_CONVERSION = YES;
				CLANG_WARN_INT_CONVERSION = YES;
				CLANG_WARN__DUPLICATE_METHOD_MATCH = YES;
				COPY_PHASE_STRIP = NO;
				GCC_C_LANGUAGE_STANDARD = gnu99;
				GCC_DYNAMIC_NO_PIC = NO;
				GCC_ENABLE_OBJC_EXCEPTIONS = YES;
				GCC_OPTIMIZATION_LEVEL = 0;
				GCC_PREPROCESSOR_DEFINITIONS = (
					"DEBUG=1",
					"$(inherited)",
				);
				GCC_SYMBOLS_PRIVATE_EXTERN = NO;
				GCC_WARN_64_TO_32_BIT_CONVERSION = YES;
				GCC_WARN_ABOUT_RETURN_TYPE = YES;
				GCC_WARN_UNINITIALIZED_AUTOS = YES;
				GCC_WARN_UNUSED_VARIABLE = YES;
				MACOSX_DEPLOYMENT_TARGET = 10.8;
				ONLY_ACTIVE_ARCH = YES;
				SDKROOT = macosx;
			};
			name = Debug;
		};
		794C9B391771434100D7B344 /* Release */ = {
			isa = XCBuildConfiguration;
			buildSettings = {
				ALWAYS_SEARCH_USER_PATHS = NO;
				ARCHS = "$(ARCHS_STANDARD_64_BIT)";
				CLANG_CXX_LANGUAGE_STANDARD = "gnu++0x";
				CLANG_CXX_LIBRARY = "libc++";
				CLANG_WARN_CONSTANT_CONVERSION = YES;
				CLANG_WARN_EMPTY_BODY = YES;
				CLANG_WARN_ENUM_CONVERSION = YES;
				CLANG_WARN_INT_CONVERSION = YES;
				CLANG_WARN__DUPLICATE_METHOD_MATCH = YES;
				COPY_PHASE_STRIP = YES;
				DEBUG_INFORMATION_FORMAT = "dwarf-with-dsym";
				GCC_C_LANGUAGE_STANDARD = gnu99;
				GCC_ENABLE_OBJC_EXCEPTIONS = YES;
				GCC_WARN_64_TO_32_BIT_CONVERSION = YES;
				GCC_WARN_ABOUT_RETURN_TYPE = YES;
				GCC_WARN_UNINITIALIZED_AUTOS = YES;
				GCC_WARN_UNUSED_VARIABLE = YES;
				MACOSX_DEPLOYMENT_TARGET = 10.8;
				SDKROOT = macosx;
			};
			name = Release;
		};
		794C9B3B1771434100D7B344 /* Debug */ = {
			isa = XCBuildConfiguration;
			buildSettings = {
				COMBINE_HIDPI_IMAGES = YES;
				GCC_PRECOMPILE_PREFIX_HEADER = YES;
				GCC_PREFIX_HEADER = "JRSwizzleTest/JRSwizzleTest-Prefix.pch";
				INFOPLIST_FILE = "JRSwizzleTest/JRSwizzleTest-Info.plist";
				INSTALL_PATH = "$(LOCAL_LIBRARY_DIR)/Bundles";
				PRODUCT_NAME = "$(TARGET_NAME)";
				WRAPPER_EXTENSION = bundle;
			};
			name = Debug;
		};
		794C9B3C1771434100D7B344 /* Release */ = {
			isa = XCBuildConfiguration;
			buildSettings = {
				COMBINE_HIDPI_IMAGES = YES;
				GCC_PRECOMPILE_PREFIX_HEADER = YES;
				GCC_PREFIX_HEADER = "JRSwizzleTest/JRSwizzleTest-Prefix.pch";
				INFOPLIST_FILE = "JRSwizzleTest/JRSwizzleTest-Info.plist";
				INSTALL_PATH = "$(LOCAL_LIBRARY_DIR)/Bundles";
				PRODUCT_NAME = "$(TARGET_NAME)";
				WRAPPER_EXTENSION = bundle;
			};
			name = Release;
		};
/* End XCBuildConfiguration section */

/* Begin XCConfigurationList section */
		794C9B231771434100D7B344 /* Build configuration list for PBXProject "JRSwizzleTest" */ = {
			isa = XCConfigurationList;
			buildConfigurations = (
				794C9B381771434100D7B344 /* Debug */,
				794C9B391771434100D7B344 /* Release */,
			);
			defaultConfigurationIsVisible = 0;
			defaultConfigurationName = Release;
		};
		794C9B3A1771434100D7B344 /* Build configuration list for PBXNativeTarget "JRSwizzleTest" */ = {
			isa = XCConfigurationList;
			buildConfigurations = (
				794C9B3B1771434100D7B344 /* Debug */,
				794C9B3C1771434100D7B344 /* Release */,
			);
			defaultConfigurationIsVisible = 0;
			defaultConfigurationName = Release;
		};
/* End XCConfigurationList section */
	};
	rootObject = 794C9B201771434100D7B344 /* Project object */;
}
